
Microsoft Visual Studio Solution File, Format Version 12.00
# Visual Studio Version 17
VisualStudioVersion = 17.4.33205.214
MinimumVisualStudioVersion = 10.0.40219.1
Project("{FAE04EC0-301F-11D3-BF4B-00C04F79EFBC}") = "8_Bilet", "8_Bilet.csproj", "{B3D4425A-BD8A-4061-A780-AE587B09432D}"
EndProject
Global
	GlobalSection(SolutionConfigurationPlatforms) = preSolution
		Debug|Any CPU = Debug|Any CPU
		Release|Any CPU = Release|Any CPU
	EndGlobalSection
	GlobalSection(ProjectConfigurationPlatforms) = postSolution
		{B3D4425A-BD8A-4061-A780-AE587B09432D}.Debug|Any CPU.ActiveCfg = Debug|Any CPU
		{B3D4425A-BD8A-4061-A780-AE587B09432D}.Debug|Any CPU.Build.0 = Debug|Any CPU
		{B3D4425A-BD8A-4061-A780-AE587B09432D}.Release|Any CPU.ActiveCfg = Release|Any CPU
		{B3D4425A-BD8A-4061-A780-AE587B09432D}.Release|Any CPU.Build.0 = Release|Any CPU
	EndGlobalSection
	GlobalSection(SolutionProperties) = preSolution
		HideSolutionNode = FALSE
	EndGlobalSection
	GlobalSection(ExtensibilityGlobals) = postSolution
		SolutionGuid = {5B5B93D3-64D5-465B-8FE6-1A7A3F776546}
	EndGlobalSection
EndGlobal
